// !$*UTF8*$!
{
	archiveVersion = 1;
	classes = {
	};
	objectVersion = 50;
	objects = {

/* Begin PBXBuildFile section */
		8FB34C2E2405B4D300ADF192 /* SMViewModel.swift in Sources */ = {isa = PBXBuildFile; fileRef = 8FB34C2D2405B4D300ADF192 /* SMViewModel.swift */; };
		8FB34C302405F2A500ADF192 /* NetworkManager.swift in Sources */ = {isa = PBXBuildFile; fileRef = 8FB34C2F2405F2A500ADF192 /* NetworkManager.swift */; };
		8FB421DF24043B2A00AA1266 /* AppDelegate.swift in Sources */ = {isa = PBXBuildFile; fileRef = 8FB421DE24043B2A00AA1266 /* AppDelegate.swift */; };
		8FB421E124043B2A00AA1266 /* SceneDelegate.swift in Sources */ = {isa = PBXBuildFile; fileRef = 8FB421E024043B2A00AA1266 /* SceneDelegate.swift */; };
		8FB421E324043B2A00AA1266 /* ViewController.swift in Sources */ = {isa = PBXBuildFile; fileRef = 8FB421E224043B2A00AA1266 /* ViewController.swift */; };
		8FB421E624043B2A00AA1266 /* Main.storyboard in Resources */ = {isa = PBXBuildFile; fileRef = 8FB421E424043B2A00AA1266 /* Main.storyboard */; };
		8FB421E824043B3100AA1266 /* Assets.xcassets in Resources */ = {isa = PBXBuildFile; fileRef = 8FB421E724043B3100AA1266 /* Assets.xcassets */; };
		8FB421EB24043B3100AA1266 /* LaunchScreen.storyboard in Resources */ = {isa = PBXBuildFile; fileRef = 8FB421E924043B3100AA1266 /* LaunchScreen.storyboard */; };
		8FB421F624043B3100AA1266 /* SocialMediaSimulatorTests.swift in Sources */ = {isa = PBXBuildFile; fileRef = 8FB421F524043B3100AA1266 /* SocialMediaSimulatorTests.swift */; };
		8FB4220124043D2000AA1266 /* FriendzData.swift in Sources */ = {isa = PBXBuildFile; fileRef = 8FB4220024043D2000AA1266 /* FriendzData.swift */; };
		8FB4220324046D6F00AA1266 /* TēburuBiew.swift in Sources */ = {isa = PBXBuildFile; fileRef = 8FB4220224046D6F00AA1266 /* TēburuBiew.swift */; };
		8FB422052404763A00AA1266 /* Sachi.swift in Sources */ = {isa = PBXBuildFile; fileRef = 8FB422042404763A00AA1266 /* Sachi.swift */; };
/* End PBXBuildFile section */

/* Begin PBXContainerItemProxy section */
		8FB421F224043B3100AA1266 /* PBXContainerItemProxy */ = {
			isa = PBXContainerItemProxy;
			containerPortal = 8FB421D324043B2A00AA1266 /* Project object */;
			proxyType = 1;
			remoteGlobalIDString = 8FB421DA24043B2A00AA1266;
			remoteInfo = SocialMediaSimulator;
		};
/* End PBXContainerItemProxy section */

/* Begin PBXFileReference section */
		8FB34C2D2405B4D300ADF192 /* SMViewModel.swift */ = {isa = PBXFileReference; lastKnownFileType = sourcecode.swift; path = SMViewModel.swift; sourceTree = "<group>"; };
		8FB34C2F2405F2A500ADF192 /* NetworkManager.swift */ = {isa = PBXFileReference; lastKnownFileType = sourcecode.swift; path = NetworkManager.swift; sourceTree = "<group>"; };
		8FB421DB24043B2A00AA1266 /* SocialMediaSimulator.app */ = {isa = PBXFileReference; explicitFileType = wrapper.application; includeInIndex = 0; path = SocialMediaSimulator.app; sourceTree = BUILT_PRODUCTS_DIR; };
		8FB421DE24043B2A00AA1266 /* AppDelegate.swift */ = {isa = PBXFileReference; lastKnownFileType = sourcecode.swift; path = AppDelegate.swift; sourceTree = "<group>"; };
		8FB421E024043B2A00AA1266 /* SceneDelegate.swift */ = {isa = PBXFileReference; lastKnownFileType = sourcecode.swift; path = SceneDelegate.swift; sourceTree = "<group>"; };
		8FB421E224043B2A00AA1266 /* ViewController.swift */ = {isa = PBXFileReference; lastKnownFileType = sourcecode.swift; path = ViewController.swift; sourceTree = "<group>"; };
		8FB421E524043B2A00AA1266 /* Base */ = {isa = PBXFileReference; lastKnownFileType = file.storyboard; name = Base; path = Base.lproj/Main.storyboard; sourceTree = "<group>"; };
		8FB421E724043B3100AA1266 /* Assets.xcassets */ = {isa = PBXFileReference; lastKnownFileType = folder.assetcatalog; path = Assets.xcassets; sourceTree = "<group>"; };
		8FB421EA24043B3100AA1266 /* Base */ = {isa = PBXFileReference; lastKnownFileType = file.storyboard; name = Base; path = Base.lproj/LaunchScreen.storyboard; sourceTree = "<group>"; };
		8FB421EC24043B3100AA1266 /* Info.plist */ = {isa = PBXFileReference; lastKnownFileType = text.plist.xml; path = Info.plist; sourceTree = "<group>"; };
		8FB421F124043B3100AA1266 /* SocialMediaSimulatorTests.xctest */ = {isa = PBXFileReference; explicitFileType = wrapper.cfbundle; includeInIndex = 0; path = SocialMediaSimulatorTests.xctest; sourceTree = BUILT_PRODUCTS_DIR; };
		8FB421F524043B3100AA1266 /* SocialMediaSimulatorTests.swift */ = {isa = PBXFileReference; lastKnownFileType = sourcecode.swift; path = SocialMediaSimulatorTests.swift; sourceTree = "<group>"; };
		8FB421F724043B3100AA1266 /* Info.plist */ = {isa = PBXFileReference; lastKnownFileType = text.plist.xml; path = Info.plist; sourceTree = "<group>"; };
		8FB4220024043D2000AA1266 /* FriendzData.swift */ = {isa = PBXFileReference; lastKnownFileType = sourcecode.swift; path = FriendzData.swift; sourceTree = "<group>"; };
		8FB4220224046D6F00AA1266 /* TēburuBiew.swift */ = {isa = PBXFileReference; lastKnownFileType = sourcecode.swift; path = "TēburuBiew.swift"; sourceTree = "<group>"; };
		8FB422042404763A00AA1266 /* Sachi.swift */ = {isa = PBXFileReference; lastKnownFileType = sourcecode.swift; path = Sachi.swift; sourceTree = "<group>"; };
/* End PBXFileReference section */

/* Begin PBXFrameworksBuildPhase section */
		8FB421D824043B2A00AA1266 /* Frameworks */ = {
			isa = PBXFrameworksBuildPhase;
			buildActionMask = 2147483647;
			files = (
			);
			runOnlyForDeploymentPostprocessing = 0;
		};
		8FB421EE24043B3100AA1266 /* Frameworks */ = {
			isa = PBXFrameworksBuildPhase;
			buildActionMask = 2147483647;
			files = (
			);
			runOnlyForDeploymentPostprocessing = 0;
		};
/* End PBXFrameworksBuildPhase section */

/* Begin PBXGroup section */
		8FB421D224043B2A00AA1266 = {
			isa = PBXGroup;
			children = (
				8FB421DD24043B2A00AA1266 /* SocialMediaSimulator */,
				8FB421F424043B3100AA1266 /* SocialMediaSimulatorTests */,
				8FB421DC24043B2A00AA1266 /* Products */,
			);
			sourceTree = "<group>";
		};
		8FB421DC24043B2A00AA1266 /* Products */ = {
			isa = PBXGroup;
			children = (
				8FB421DB24043B2A00AA1266 /* SocialMediaSimulator.app */,
				8FB421F124043B3100AA1266 /* SocialMediaSimulatorTests.xctest */,
			);
			name = Products;
			sourceTree = "<group>";
		};
		8FB421DD24043B2A00AA1266 /* SocialMediaSimulator */ = {
			isa = PBXGroup;
			children = (
				8FB421DE24043B2A00AA1266 /* AppDelegate.swift */,
				8FB421E024043B2A00AA1266 /* SceneDelegate.swift */,
				8FB4220224046D6F00AA1266 /* TēburuBiew.swift */,
				8FB34C2F2405F2A500ADF192 /* NetworkManager.swift */,
				8FB34C2D2405B4D300ADF192 /* SMViewModel.swift */,
				8FB421E224043B2A00AA1266 /* ViewController.swift */,
				8FB422042404763A00AA1266 /* Sachi.swift */,
				8FB4220024043D2000AA1266 /* FriendzData.swift */,
				8FB421E424043B2A00AA1266 /* Main.storyboard */,
				8FB421E724043B3100AA1266 /* Assets.xcassets */,
				8FB421E924043B3100AA1266 /* LaunchScreen.storyboard */,
				8FB421EC24043B3100AA1266 /* Info.plist */,
			);
			path = SocialMediaSimulator;
			sourceTree = "<group>";
		};
		8FB421F424043B3100AA1266 /* SocialMediaSimulatorTests */ = {
			isa = PBXGroup;
			children = (
				8FB421F524043B3100AA1266 /* SocialMediaSimulatorTests.swift */,
				8FB421F724043B3100AA1266 /* Info.plist */,
			);
			path = SocialMediaSimulatorTests;
			sourceTree = "<group>";
		};
/* End PBXGroup section */

/* Begin PBXNativeTarget section */
		8FB421DA24043B2A00AA1266 /* SocialMediaSimulator */ = {
			isa = PBXNativeTarget;
			buildConfigurationList = 8FB421FA24043B3100AA1266 /* Build configuration list for PBXNativeTarget "SocialMediaSimulator" */;
			buildPhases = (
				8FB421D724043B2A00AA1266 /* Sources */,
				8FB421D824043B2A00AA1266 /* Frameworks */,
				8FB421D924043B2A00AA1266 /* Resources */,
			);
			buildRules = (
			);
			dependencies = (
			);
			name = SocialMediaSimulator;
			productName = SocialMediaSimulator;
			productReference = 8FB421DB24043B2A00AA1266 /* SocialMediaSimulator.app */;
			productType = "com.apple.product-type.application";
		};
		8FB421F024043B3100AA1266 /* SocialMediaSimulatorTests */ = {
			isa = PBXNativeTarget;
			buildConfigurationList = 8FB421FD24043B3100AA1266 /* Build configuration list for PBXNativeTarget "SocialMediaSimulatorTests" */;
			buildPhases = (
				8FB421ED24043B3100AA1266 /* Sources */,
				8FB421EE24043B3100AA1266 /* Frameworks */,
				8FB421EF24043B3100AA1266 /* Resources */,
			);
			buildRules = (
			);
			dependencies = (
				8FB421F324043B3100AA1266 /* PBXTargetDependency */,
			);
			name = SocialMediaSimulatorTests;
			productName = SocialMediaSimulatorTests;
			productReference = 8FB421F124043B3100AA1266 /* SocialMediaSimulatorTests.xctest */;
			productType = "com.apple.product-type.bundle.unit-test";
		};
/* End PBXNativeTarget section */

/* Begin PBXProject section */
		8FB421D324043B2A00AA1266 /* Project object */ = {
			isa = PBXProject;
			attributes = {
				LastSwiftUpdateCheck = 1120;
				LastUpgradeCheck = 1120;
				ORGANIZATIONNAME = "Jerry Ren";
				TargetAttributes = {
					8FB421DA24043B2A00AA1266 = {
						CreatedOnToolsVersion = 11.2;
					};
					8FB421F024043B3100AA1266 = {
						CreatedOnToolsVersion = 11.2;
						TestTargetID = 8FB421DA24043B2A00AA1266;
					};
				};
			};
			buildConfigurationList = 8FB421D624043B2A00AA1266 /* Build configuration list for PBXProject "SocialMediaSimulator" */;
			compatibilityVersion = "Xcode 9.3";
			developmentRegion = en;
			hasScannedForEncodings = 0;
			knownRegions = (
				en,
				Base,
			);
			mainGroup = 8FB421D224043B2A00AA1266;
			productRefGroup = 8FB421DC24043B2A00AA1266 /* Products */;
			projectDirPath = "";
			projectRoot = "";
			targets = (
				8FB421DA24043B2A00AA1266 /* SocialMediaSimulator */,
				8FB421F024043B3100AA1266 /* SocialMediaSimulatorTests */,
			);
		};
/* End PBXProject section */

/* Begin PBXResourcesBuildPhase section */
		8FB421D924043B2A00AA1266 /* Resources */ = {
			isa = PBXResourcesBuildPhase;
			buildActionMask = 2147483647;
			files = (
				8FB421EB24043B3100AA1266 /* LaunchScreen.storyboard in Resources */,
				8FB421E824043B3100AA1266 /* Assets.xcassets in Resources */,
				8FB421E624043B2A00AA1266 /* Main.storyboard in Resources */,
			);
			runOnlyForDeploymentPostprocessing = 0;
		};
		8FB421EF24043B3100AA1266 /* Resources */ = {
			isa = PBXResourcesBuildPhase;
			buildActionMask = 2147483647;
			files = (
			);
			runOnlyForDeploymentPostprocessing = 0;
		};
/* End PBXResourcesBuildPhase section */

/* Begin PBXSourcesBuildPhase section */
		8FB421D724043B2A00AA1266 /* Sources */ = {
			isa = PBXSourcesBuildPhase;
			buildActionMask = 2147483647;
			files = (
				8FB422052404763A00AA1266 /* Sachi.swift in Sources */,
				8FB4220324046D6F00AA1266 /* TēburuBiew.swift in Sources */,
				8FB34C2E2405B4D300ADF192 /* SMViewModel.swift in Sources */,
				8FB4220124043D2000AA1266 /* FriendzData.swift in Sources */,
				8FB34C302405F2A500ADF192 /* NetworkManager.swift in Sources */,
				8FB421E324043B2A00AA1266 /* ViewController.swift in Sources */,
				8FB421DF24043B2A00AA1266 /* AppDelegate.swift in Sources */,
				8FB421E124043B2A00AA1266 /* SceneDelegate.swift in Sources */,
			);
			runOnlyForDeploymentPostprocessing = 0;
		};
		8FB421ED24043B3100AA1266 /* Sources */ = {
			isa = PBXSourcesBuildPhase;
			buildActionMask = 2147483647;
			files = (
				8FB421F624043B3100AA1266 /* SocialMediaSimulatorTests.swift in Sources */,
			);
			runOnlyForDeploymentPostprocessing = 0;
		};
/* End PBXSourcesBuildPhase section */

/* Begin PBXTargetDependency section */
		8FB421F324043B3100AA1266 /* PBXTargetDependency */ = {
			isa = PBXTargetDependency;
			target = 8FB421DA24043B2A00AA1266 /* SocialMediaSimulator */;
			targetProxy = 8FB421F224043B3100AA1266 /* PBXContainerItemProxy */;
		};
/* End PBXTargetDependency section */

/* Begin PBXVariantGroup section */
		8FB421E424043B2A00AA1266 /* Main.storyboard */ = {
			isa = PBXVariantGroup;
			children = (
				8FB421E524043B2A00AA1266 /* Base */,
			);
			name = Main.storyboard;
			sourceTree = "<group>";
		};
		8FB421E924043B3100AA1266 /* LaunchScreen.storyboard */ = {
			isa = PBXVariantGroup;
			children = (
				8FB421EA24043B3100AA1266 /* Base */,
			);
			name = LaunchScreen.storyboard;
			sourceTree = "<group>";
		};
/* End PBXVariantGroup section */

/* Begin XCBuildConfiguration section */
		8FB421F824043B3100AA1266 /* Debug */ = {
			isa = XCBuildConfiguration;
			buildSettings = {
				ALWAYS_SEARCH_USER_PATHS = NO;
				CLANG_ANALYZER_NONNULL = YES;
				CLANG_ANALYZER_NUMBER_OBJECT_CONVERSION = YES_AGGRESSIVE;
				CLANG_CXX_LANGUAGE_STANDARD = "gnu++14";
				CLANG_CXX_LIBRARY = "libc++";
				CLANG_ENABLE_MODULES = YES;
				CLANG_ENABLE_OBJC_ARC = YES;
				CLANG_ENABLE_OBJC_WEAK = YES;
				CLANG_WARN_BLOCK_CAPTURE_AUTORELEASING = YES;
				CLANG_WARN_BOOL_CONVERSION = YES;
				CLANG_WARN_COMMA = YES;
				CLANG_WARN_CONSTANT_CONVERSION = YES;
				CLANG_WARN_DEPRECATED_OBJC_IMPLEMENTATIONS = YES;
				CLANG_WARN_DIRECT_OBJC_ISA_USAGE = YES_ERROR;
				CLANG_WARN_DOCUMENTATION_COMMENTS = YES;
				CLANG_WARN_EMPTY_BODY = YES;
				CLANG_WARN_ENUM_CONVERSION = YES;
				CLANG_WARN_INFINITE_RECURSION = YES;
				CLANG_WARN_INT_CONVERSION = YES;
				CLANG_WARN_NON_LITERAL_NULL_CONVERSION = YES;
				CLANG_WARN_OBJC_IMPLICIT_RETAIN_SELF = YES;
				CLANG_WARN_OBJC_LITERAL_CONVERSION = YES;
				CLANG_WARN_OBJC_ROOT_CLASS = YES_ERROR;
				CLANG_WARN_RANGE_LOOP_ANALYSIS = YES;
				CLANG_WARN_STRICT_PROTOTYPES = YES;
				CLANG_WARN_SUSPICIOUS_MOVE = YES;
				CLANG_WARN_UNGUARDED_AVAILABILITY = YES_AGGRESSIVE;
				CLANG_WARN_UNREACHABLE_CODE = YES;
				CLANG_WARN__DUPLICATE_METHOD_MATCH = YES;
				COPY_PHASE_STRIP = NO;
				DEBUG_INFORMATION_FORMAT = dwarf;
				ENABLE_STRICT_OBJC_MSGSEND = YES;
				ENABLE_TESTABILITY = YES;
				GCC_C_LANGUAGE_STANDARD = gnu11;
				GCC_DYNAMIC_NO_PIC = NO;
				GCC_NO_COMMON_BLOCKS = YES;
				GCC_OPTIMIZATION_LEVEL = 0;
				GCC_PREPROCESSOR_DEFINITIONS = (
					"DEBUG=1",
					"$(inherited)",
				);
				GCC_WARN_64_TO_32_BIT_CONVERSION = YES;
				GCC_WARN_ABOUT_RETURN_TYPE = YES_ERROR;
				GCC_WARN_UNDECLARED_SELECTOR = YES;
				GCC_WARN_UNINITIALIZED_AUTOS = YES_AGGRESSIVE;
				GCC_WARN_UNUSED_FUNCTION = YES;
				GCC_WARN_UNUSED_VARIABLE = YES;
				IPHONEOS_DEPLOYMENT_TARGET = 13.2;
				MTL_ENABLE_DEBUG_INFO = INCLUDE_SOURCE;
				MTL_FAST_MATH = YES;
				ONLY_ACTIVE_ARCH = YES;
				SDKROOT = iphoneos;
				SWIFT_ACTIVE_COMPILATION_CONDITIONS = DEBUG;
				SWIFT_OPTIMIZATION_LEVEL = "-Onone";
			};
			name = Debug;
		};
		8FB421F924043B3100AA1266 /* Release */ = {
			isa = XCBuildConfiguration;
			buildSettings = {
				ALWAYS_SEARCH_USER_PATHS = NO;
				CLANG_ANALYZER_NONNULL = YES;
				CLANG_ANALYZER_NUMBER_OBJECT_CONVERSION = YES_AGGRESSIVE;
				CLANG_CXX_LANGUAGE_STANDARD = "gnu++14";
				CLANG_CXX_LIBRARY = "libc++";
				CLANG_ENABLE_MODULES = YES;
				CLANG_ENABLE_OBJC_ARC = YES;
				CLANG_ENABLE_OBJC_WEAK = YES;
				CLANG_WARN_BLOCK_CAPTURE_AUTORELEASING = YES;
				CLANG_WARN_BOOL_CONVERSION = YES;
				CLANG_WARN_COMMA = YES;
				CLANG_WARN_CONSTANT_CONVERSION = YES;
				CLANG_WARN_DEPRECATED_OBJC_IMPLEMENTATIONS = YES;
				CLANG_WARN_DIRECT_OBJC_ISA_USAGE = YES_ERROR;
				CLANG_WARN_DOCUMENTATION_COMMENTS = YES;
				CLANG_WARN_EMPTY_BODY = YES;
				CLANG_WARN_ENUM_CONVERSION = YES;
				CLANG_WARN_INFINITE_RECURSION = YES;
				CLANG_WARN_INT_CONVERSION = YES;
				CLANG_WARN_NON_LITERAL_NULL_CONVERSION = YES;
				CLANG_WARN_OBJC_IMPLICIT_RETAIN_SELF = YES;
				CLANG_WARN_OBJC_LITERAL_CONVERSION = YES;
				CLANG_WARN_OBJC_ROOT_CLASS = YES_ERROR;
				CLANG_WARN_RANGE_LOOP_ANALYSIS = YES;
				CLANG_WARN_STRICT_PROTOTYPES = YES;
				CLANG_WARN_SUSPICIOUS_MOVE = YES;
				CLANG_WARN_UNGUARDED_AVAILABILITY = YES_AGGRESSIVE;
				CLANG_WARN_UNREACHABLE_CODE = YES;
				CLANG_WARN__DUPLICATE_METHOD_MATCH = YES;
				COPY_PHASE_STRIP = NO;
				DEBUG_INFORMATION_FORMAT = "dwarf-with-dsym";
				ENABLE_NS_ASSERTIONS = NO;
				ENABLE_STRICT_OBJC_MSGSEND = YES;
				GCC_C_LANGUAGE_STANDARD = gnu11;
				GCC_NO_COMMON_BLOCKS = YES;
				GCC_WARN_64_TO_32_BIT_CONVERSION = YES;
				GCC_WARN_ABOUT_RETURN_TYPE = YES_ERROR;
				GCC_WARN_UNDECLARED_SELECTOR = YES;
				GCC_WARN_UNINITIALIZED_AUTOS = YES_AGGRESSIVE;
				GCC_WARN_UNUSED_FUNCTION = YES;
				GCC_WARN_UNUSED_VARIABLE = YES;
				IPHONEOS_DEPLOYMENT_TARGET = 13.2;
				MTL_ENABLE_DEBUG_INFO = NO;
				MTL_FAST_MATH = YES;
				SDKROOT = iphoneos;
				SWIFT_COMPILATION_MODE = wholemodule;
				SWIFT_OPTIMIZATION_LEVEL = "-O";
				VALIDATE_PRODUCT = YES;
			};
			name = Release;
		};
		8FB421FB24043B3100AA1266 /* Debug */ = {
			isa = XCBuildConfiguration;
			buildSettings = {
				ASSETCATALOG_COMPILER_APPICON_NAME = AppIcon;
				CODE_SIGN_STYLE = Automatic;
				INFOPLIST_FILE = SocialMediaSimulator/Info.plist;
				LD_RUNPATH_SEARCH_PATHS = (
					"$(inherited)",
					"@executable_path/Frameworks",
				);
				PRODUCT_BUNDLE_IDENTIFIER = com.JerryRen.SocialMediaSimulator;
				PRODUCT_NAME = "$(TARGET_NAME)";
				SWIFT_VERSION = 5.0;
				TARGETED_DEVICE_FAMILY = "1,2";
			};
			name = Debug;
		};
		8FB421FC24043B3100AA1266 /* Release */ = {
			isa = XCBuildConfiguration;
			buildSettings = {
				ASSETCATALOG_COMPILER_APPICON_NAME = AppIcon;
				CODE_SIGN_STYLE = Automatic;
				INFOPLIST_FILE = SocialMediaSimulator/Info.plist;
				LD_RUNPATH_SEARCH_PATHS = (
					"$(inherited)",
					"@executable_path/Frameworks",
				);
				PRODUCT_BUNDLE_IDENTIFIER = com.JerryRen.SocialMediaSimulator;
				PRODUCT_NAME = "$(TARGET_NAME)";
				SWIFT_VERSION = 5.0;
				TARGETED_DEVICE_FAMILY = "1,2";
			};
			name = Release;
		};
		8FB421FE24043B3100AA1266 /* Debug */ = {
			isa = XCBuildConfiguration;
			buildSettings = {
				ALWAYS_EMBED_SWIFT_STANDARD_LIBRARIES = YES;
				BUNDLE_LOADER = "$(TEST_HOST)";
				CODE_SIGN_STYLE = Automatic;
				INFOPLIST_FILE = SocialMediaSimulatorTests/Info.plist;
				IPHONEOS_DEPLOYMENT_TARGET = 13.2;
				LD_RUNPATH_SEARCH_PATHS = (
					"$(inherited)",
					"@executable_path/Frameworks",
					"@loader_path/Frameworks",
				);
				PRODUCT_BUNDLE_IDENTIFIER = com.JerryRen.SocialMediaSimulatorTests;
				PRODUCT_NAME = "$(TARGET_NAME)";
				SWIFT_VERSION = 5.0;
				TARGETED_DEVICE_FAMILY = "1,2";
				TEST_HOST = "$(BUILT_PRODUCTS_DIR)/SocialMediaSimulator.app/SocialMediaSimulator";
			};
			name = Debug;
		};
		8FB421FF24043B3100AA1266 /* Release */ = {
			isa = XCBuildConfiguration;
			buildSettings = {
				ALWAYS_EMBED_SWIFT_STANDARD_LIBRARIES = YES;
				BUNDLE_LOADER = "$(TEST_HOST)";
				CODE_SIGN_STYLE = Automatic;
				INFOPLIST_FILE = SocialMediaSimulatorTests/Info.plist;
				IPHONEOS_DEPLOYMENT_TARGET = 13.2;
				LD_RUNPATH_SEARCH_PATHS = (
					"$(inherited)",
					"@executable_path/Frameworks",
					"@loader_path/Frameworks",
				);
				PRODUCT_BUNDLE_IDENTIFIER = com.JerryRen.SocialMediaSimulatorTests;
				PRODUCT_NAME = "$(TARGET_NAME)";
				SWIFT_VERSION = 5.0;
				TARGETED_DEVICE_FAMILY = "1,2";
				TEST_HOST = "$(BUILT_PRODUCTS_DIR)/SocialMediaSimulator.app/SocialMediaSimulator";
			};
			name = Release;
		};
/* End XCBuildConfiguration section */

/* Begin XCConfigurationList section */
		8FB421D624043B2A00AA1266 /* Build configuration list for PBXProject "SocialMediaSimulator" */ = {
			isa = XCConfigurationList;
			buildConfigurations = (
				8FB421F824043B3100AA1266 /* Debug */,
				8FB421F924043B3100AA1266 /* Release */,
			);
			defaultConfigurationIsVisible = 0;
			defaultConfigurationName = Release;
		};
		8FB421FA24043B3100AA1266 /* Build configuration list for PBXNativeTarget "SocialMediaSimulator" */ = {
			isa = XCConfigurationList;
			buildConfigurations = (
				8FB421FB24043B3100AA1266 /* Debug */,
				8FB421FC24043B3100AA1266 /* Release */,
			);
			defaultConfigurationIsVisible = 0;
			defaultConfigurationName = Release;
		};
		8FB421FD24043B3100AA1266 /* Build configuration list for PBXNativeTarget "SocialMediaSimulatorTests" */ = {
			isa = XCConfigurationList;
			buildConfigurations = (
				8FB421FE24043B3100AA1266 /* Debug */,
				8FB421FF24043B3100AA1266 /* Release */,
			);
			defaultConfigurationIsVisible = 0;
			defaultConfigurationName = Release;
		};
/* End XCConfigurationList section */
	};
	rootObject = 8FB421D324043B2A00AA1266 /* Project object */;
}
